// !$*UTF8*$!
{
	archiveVersion = 1;
	classes = {
	};
	objectVersion = 48;
	objects = {

/* Begin PBXBuildFile section */
		23127ED1208034C600075271 /* AppDelegate.swift in Sources */ = {isa = PBXBuildFile; fileRef = 23127ED0208034C600075271 /* AppDelegate.swift */; };
		23127ED3208034C600075271 /* ViewController.swift in Sources */ = {isa = PBXBuildFile; fileRef = 23127ED2208034C600075271 /* ViewController.swift */; };
		23127ED6208034C600075271 /* Main.storyboard in Resources */ = {isa = PBXBuildFile; fileRef = 23127ED4208034C600075271 /* Main.storyboard */; };
		23127ED8208034C600075271 /* Assets.xcassets in Resources */ = {isa = PBXBuildFile; fileRef = 23127ED7208034C600075271 /* Assets.xcassets */; };
		23127EDB208034C600075271 /* LaunchScreen.storyboard in Resources */ = {isa = PBXBuildFile; fileRef = 23127ED9208034C600075271 /* LaunchScreen.storyboard */; };
		23127EE3208034FD00075271 /* NaviViewController.swift in Sources */ = {isa = PBXBuildFile; fileRef = 23127EE2208034FD00075271 /* NaviViewController.swift */; };
		23127EE52080355800075271 /* RhsViewController.swift in Sources */ = {isa = PBXBuildFile; fileRef = 23127EE42080355800075271 /* RhsViewController.swift */; };
/* End PBXBuildFile section */

/* Begin PBXFileReference section */
		23127ECD208034C600075271 /* responder.app */ = {isa = PBXFileReference; explicitFileType = wrapper.application; includeInIndex = 0; path = responder.app; sourceTree = BUILT_PRODUCTS_DIR; };
		23127ED0208034C600075271 /* AppDelegate.swift */ = {isa = PBXFileReference; lastKnownFileType = sourcecode.swift; path = AppDelegate.swift; sourceTree = "<group>"; };
		23127ED2208034C600075271 /* ViewController.swift */ = {isa = PBXFileReference; lastKnownFileType = sourcecode.swift; path = ViewController.swift; sourceTree = "<group>"; };
		23127ED5208034C600075271 /* Base */ = {isa = PBXFileReference; lastKnownFileType = file.storyboard; name = Base; path = Base.lproj/Main.storyboard; sourceTree = "<group>"; };
		23127ED7208034C600075271 /* Assets.xcassets */ = {isa = PBXFileReference; lastKnownFileType = folder.assetcatalog; path = Assets.xcassets; sourceTree = "<group>"; };
		23127EDA208034C600075271 /* Base */ = {isa = PBXFileReference; lastKnownFileType = file.storyboard; name = Base; path = Base.lproj/LaunchScreen.storyboard; sourceTree = "<group>"; };
		23127EDC208034C600075271 /* Info.plist */ = {isa = PBXFileReference; lastKnownFileType = text.plist.xml; path = Info.plist; sourceTree = "<group>"; };
		23127EE2208034FD00075271 /* NaviViewController.swift */ = {isa = PBXFileReference; lastKnownFileType = sourcecode.swift; path = NaviViewController.swift; sourceTree = "<group>"; };
		23127EE42080355800075271 /* RhsViewController.swift */ = {isa = PBXFileReference; lastKnownFileType = sourcecode.swift; path = RhsViewController.swift; sourceTree = "<group>"; };
/* End PBXFileReference section */

/* Begin PBXFrameworksBuildPhase section */
		23127ECA208034C600075271 /* Frameworks */ = {
			isa = PBXFrameworksBuildPhase;
			buildActionMask = 2147483647;
			files = (
			);
			runOnlyForDeploymentPostprocessing = 0;
		};
/* End PBXFrameworksBuildPhase section */

/* Begin PBXGroup section */
		23127EC4208034C600075271 = {
			isa = PBXGroup;
			children = (
				23127ECF208034C600075271 /* responder */,
				23127ECE208034C600075271 /* Products */,
			);
			sourceTree = "<group>";
		};
		23127ECE208034C600075271 /* Products */ = {
			isa = PBXGroup;
			children = (
				23127ECD208034C600075271 /* responder.app */,
			);
			name = Products;
			sourceTree = "<group>";
		};
		23127ECF208034C600075271 /* responder */ = {
			isa = PBXGroup;
			children = (
				23127ED0208034C600075271 /* AppDelegate.swift */,
				23127ED2208034C600075271 /* ViewController.swift */,
				23127ED4208034C600075271 /* Main.storyboard */,
				23127ED7208034C600075271 /* Assets.xcassets */,
				23127ED9208034C600075271 /* LaunchScreen.storyboard */,
				23127EDC208034C600075271 /* Info.plist */,
				23127EE2208034FD00075271 /* NaviViewController.swift */,
				23127EE42080355800075271 /* RhsViewController.swift */,
			);
			path = responder;
			sourceTree = "<group>";
		};
/* End PBXGroup section */

/* Begin PBXNativeTarget section */
		23127ECC208034C600075271 /* responder */ = {
			isa = PBXNativeTarget;
			buildConfigurationList = 23127EDF208034C600075271 /* Build configuration list for PBXNativeTarget "responder" */;
			buildPhases = (
				23127EC9208034C600075271 /* Sources */,
				23127ECA208034C600075271 /* Frameworks */,
				23127ECB208034C600075271 /* Resources */,
			);
			buildRules = (
			);
			dependencies = (
			);
			name = responder;
			productName = responder;
			productReference = 23127ECD208034C600075271 /* responder.app */;
			productType = "com.apple.product-type.application";
		};
/* End PBXNativeTarget section */

/* Begin PBXProject section */
		23127EC5208034C600075271 /* Project object */ = {
			isa = PBXProject;
			attributes = {
				LastSwiftUpdateCheck = 0910;
				LastUpgradeCheck = 0910;
				ORGANIZATIONNAME = dengjiangzhou;
				TargetAttributes = {
					23127ECC208034C600075271 = {
						CreatedOnToolsVersion = 9.1;
						ProvisioningStyle = Automatic;
					};
				};
			};
			buildConfigurationList = 23127EC8208034C600075271 /* Build configuration list for PBXProject "responder" */;
			compatibilityVersion = "Xcode 8.0";
			developmentRegion = en;
			hasScannedForEncodings = 0;
			knownRegions = (
				en,
				Base,
			);
			mainGroup = 23127EC4208034C600075271;
			productRefGroup = 23127ECE208034C600075271 /* Products */;
			projectDirPath = "";
			projectRoot = "";
			targets = (
				23127ECC208034C600075271 /* responder */,
			);
		};
/* End PBXProject section */

/* Begin PBXResourcesBuildPhase section */
		23127ECB208034C600075271 /* Resources */ = {
			isa = PBXResourcesBuildPhase;
			buildActionMask = 2147483647;
			files = (
				23127EDB208034C600075271 /* LaunchScreen.storyboard in Resources */,
				23127ED8208034C600075271 /* Assets.xcassets in Resources */,
				23127ED6208034C600075271 /* Main.storyboard in Resources */,
			);
			runOnlyForDeploymentPostprocessing = 0;
		};
/* End PBXResourcesBuildPhase section */

/* Begin PBXSourcesBuildPhase section */
		23127EC9208034C600075271 /* Sources */ = {
			isa = PBXSourcesBuildPhase;
			buildActionMask = 2147483647;
			files = (
				23127ED3208034C600075271 /* ViewController.swift in Sources */,
				23127EE3208034FD00075271 /* NaviViewController.swift in Sources */,
				23127EE52080355800075271 /* RhsViewController.swift in Sources */,
				23127ED1208034C600075271 /* AppDelegate.swift in Sources */,
			);
			runOnlyForDeploymentPostprocessing = 0;
		};
/* End PBXSourcesBuildPhase section */

/* Begin PBXVariantGroup section */
		23127ED4208034C600075271 /* Main.storyboard */ = {
			isa = PBXVariantGroup;
			children = (
				23127ED5208034C600075271 /* Base */,
			);
			name = Main.storyboard;
			sourceTree = "<group>";
		};
		23127ED9208034C600075271 /* LaunchScreen.storyboard */ = {
			isa = PBXVariantGroup;
			children = (
				23127EDA208034C600075271 /* Base */,
			);
			name = LaunchScreen.storyboard;
			sourceTree = "<group>";
		};
/* End PBXVariantGroup section */

/* Begin XCBuildConfiguration section */
		23127EDD208034C600075271 /* Debug */ = {
			isa = XCBuildConfiguration;
			buildSettings = {
				ALWAYS_SEARCH_USER_PATHS = NO;
				CLANG_ANALYZER_NONNULL = YES;
				CLANG_ANALYZER_NUMBER_OBJECT_CONVERSION = YES_AGGRESSIVE;
				CLANG_CXX_LANGUAGE_STANDARD = "gnu++14";
				CLANG_CXX_LIBRARY = "libc++";
				CLANG_ENABLE_MODULES = YES;
				CLANG_ENABLE_OBJC_ARC = YES;
				CLANG_WARN_BLOCK_CAPTURE_AUTORELEASING = YES;
				CLANG_WARN_BOOL_CONVERSION = YES;
				CLANG_WARN_COMMA = YES;
				CLANG_WARN_CONSTANT_CONVERSION = YES;
				CLANG_WARN_DIRECT_OBJC_ISA_USAGE = YES_ERROR;
				CLANG_WARN_DOCUMENTATION_COMMENTS = YES;
				CLANG_WARN_EMPTY_BODY = YES;
				CLANG_WARN_ENUM_CONVERSION = YES;
				CLANG_WARN_INFINITE_RECURSION = YES;
				CLANG_WARN_INT_CONVERSION = YES;
				CLANG_WARN_NON_LITERAL_NULL_CONVERSION = YES;
				CLANG_WARN_OBJC_LITERAL_CONVERSION = YES;
				CLANG_WARN_OBJC_ROOT_CLASS = YES_ERROR;
				CLANG_WARN_RANGE_LOOP_ANALYSIS = YES;
				CLANG_WARN_STRICT_PROTOTYPES = YES;
				CLANG_WARN_SUSPICIOUS_MOVE = YES;
				CLANG_WARN_UNGUARDED_AVAILABILITY = YES_AGGRESSIVE;
				CLANG_WARN_UNREACHABLE_CODE = YES;
				CLANG_WARN__DUPLICATE_METHOD_MATCH = YES;
				CODE_SIGN_IDENTITY = "iPhone Developer";
				COPY_PHASE_STRIP = NO;
				DEBUG_INFORMATION_FORMAT = dwarf;
				ENABLE_STRICT_OBJC_MSGSEND = YES;
				ENABLE_TESTABILITY = YES;
				GCC_C_LANGUAGE_STANDARD = gnu11;
				GCC_DYNAMIC_NO_PIC = NO;
				GCC_NO_COMMON_BLOCKS = YES;
				GCC_OPTIMIZATION_LEVEL = 0;
				GCC_PREPROCESSOR_DEFINITIONS = (
					"DEBUG=1",
					"$(inherited)",
				);
				GCC_WARN_64_TO_32_BIT_CONVERSION = YES;
				GCC_WARN_ABOUT_RETURN_TYPE = YES_ERROR;
				GCC_WARN_UNDECLARED_SELECTOR = YES;
				GCC_WARN_UNINITIALIZED_AUTOS = YES_AGGRESSIVE;
				GCC_WARN_UNUSED_FUNCTION = YES;
				GCC_WARN_UNUSED_VARIABLE = YES;
				IPHONEOS_DEPLOYMENT_TARGET = 11.1;
				MTL_ENABLE_DEBUG_INFO = YES;
				ONLY_ACTIVE_ARCH = YES;
				SDKROOT = iphoneos;
				SWIFT_ACTIVE_COMPILATION_CONDITIONS = DEBUG;
				SWIFT_OPTIMIZATION_LEVEL = "-Onone";
			};
			name = Debug;
		};
		23127EDE208034C600075271 /* Release */ = {
			isa = XCBuildConfiguration;
			buildSettings = {
				ALWAYS_SEARCH_USER_PATHS = NO;
				CLANG_ANALYZER_NONNULL = YES;
				CLANG_ANALYZER_NUMBER_OBJECT_CONVERSION = YES_AGGRESSIVE;
				CLANG_CXX_LANGUAGE_STANDARD = "gnu++14";
				CLANG_CXX_LIBRARY = "libc++";
				CLANG_ENABLE_MODULES = YES;
				CLANG_ENABLE_OBJC_ARC = YES;
				CLANG_WARN_BLOCK_CAPTURE_AUTORELEASING = YES;
				CLANG_WARN_BOOL_CONVERSION = YES;
				CLANG_WARN_COMMA = YES;
				CLANG_WARN_CONSTANT_CONVERSION = YES;
				CLANG_WARN_DIRECT_OBJC_ISA_USAGE = YES_ERROR;
				CLANG_WARN_DOCUMENTATION_COMMENTS = YES;
				CLANG_WARN_EMPTY_BODY = YES;
				CLANG_WARN_ENUM_CONVERSION = YES;
				CLANG_WARN_INFINITE_RECURSION = YES;
				CLANG_WARN_INT_CONVERSION = YES;
				CLANG_WARN_NON_LITERAL_NULL_CONVERSION = YES;
				CLANG_WARN_OBJC_LITERAL_CONVERSION = YES;
				CLANG_WARN_OBJC_ROOT_CLASS = YES_ERROR;
				CLANG_WARN_RANGE_LOOP_ANALYSIS = YES;
				CLANG_WARN_STRICT_PROTOTYPES = YES;
				CLANG_WARN_SUSPICIOUS_MOVE = YES;
				CLANG_WARN_UNGUARDED_AVAILABILITY = YES_AGGRESSIVE;
				CLANG_WARN_UNREACHABLE_CODE = YES;
				CLANG_WARN__DUPLICATE_METHOD_MATCH = YES;
				CODE_SIGN_IDENTITY = "iPhone Developer";
				COPY_PHASE_STRIP = NO;
				DEBUG_INFORMATION_FORMAT = "dwarf-with-dsym";
				ENABLE_NS_ASSERTIONS = NO;
				ENABLE_STRICT_OBJC_MSGSEND = YES;
				GCC_C_LANGUAGE_STANDARD = gnu11;
				GCC_NO_COMMON_BLOCKS = YES;
				GCC_WARN_64_TO_32_BIT_CONVERSION = YES;
				GCC_WARN_ABOUT_RETURN_TYPE = YES_ERROR;
				GCC_WARN_UNDECLARED_SELECTOR = YES;
				GCC_WARN_UNINITIALIZED_AUTOS = YES_AGGRESSIVE;
				GCC_WARN_UNUSED_FUNCTION = YES;
				GCC_WARN_UNUSED_VARIABLE = YES;
				IPHONEOS_DEPLOYMENT_TARGET = 11.1;
				MTL_ENABLE_DEBUG_INFO = NO;
				SDKROOT = iphoneos;
				SWIFT_OPTIMIZATION_LEVEL = "-Owholemodule";
				VALIDATE_PRODUCT = YES;
			};
			name = Release;
		};
		23127EE0208034C600075271 /* Debug */ = {
			isa = XCBuildConfiguration;
			buildSettings = {
				ASSETCATALOG_COMPILER_APPICON_NAME = AppIcon;
				CODE_SIGN_STYLE = Automatic;
				DEVELOPMENT_TEAM = 9ZPF2ERCW9;
				INFOPLIST_FILE = responder/Info.plist;
				LD_RUNPATH_SEARCH_PATHS = "$(inherited) @executable_path/Frameworks";
				PRODUCT_BUNDLE_IDENTIFIER = dengjiangzhou.responder;
				PRODUCT_NAME = "$(TARGET_NAME)";
				SWIFT_VERSION = 4.0;
				TARGETED_DEVICE_FAMILY = "1,2";
			};
			name = Debug;
		};
		23127EE1208034C600075271 /* Release */ = {
			isa = XCBuildConfiguration;
			buildSettings = {
				ASSETCATALOG_COMPILER_APPICON_NAME = AppIcon;
				CODE_SIGN_STYLE = Automatic;
				DEVELOPMENT_TEAM = 9ZPF2ERCW9;
				INFOPLIST_FILE = responder/Info.plist;
				LD_RUNPATH_SEARCH_PATHS = "$(inherited) @executable_path/Frameworks";
				PRODUCT_BUNDLE_IDENTIFIER = dengjiangzhou.responder;
				PRODUCT_NAME = "$(TARGET_NAME)";
				SWIFT_VERSION = 4.0;
				TARGETED_DEVICE_FAMILY = "1,2";
			};
			name = Release;
		};
/* End XCBuildConfiguration section */

/* Begin XCConfigurationList section */
		23127EC8208034C600075271 /* Build configuration list for PBXProject "responder" */ = {
			isa = XCConfigurationList;
			buildConfigurations = (
				23127EDD208034C600075271 /* Debug */,
				23127EDE208034C600075271 /* Release */,
			);
			defaultConfigurationIsVisible = 0;
			defaultConfigurationName = Release;
		};
		23127EDF208034C600075271 /* Build configuration list for PBXNativeTarget "responder" */ = {
			isa = XCConfigurationList;
			buildConfigurations = (
				23127EE0208034C600075271 /* Debug */,
				23127EE1208034C600075271 /* Release */,
			);
			defaultConfigurationIsVisible = 0;
			defaultConfigurationName = Release;
		};
/* End XCConfigurationList section */
	};
	rootObject = 23127EC5208034C600075271 /* Project object */;
}
